PODS:
  - PromiseKit (6.8.4):
    - PromiseKit/CorePromise (= 6.8.4)
    - PromiseKit/Foundation (= 6.8.4)
    - PromiseKit/UIKit (= 6.8.4)
  - PromiseKit/CorePromise (6.8.4)
  - PromiseKit/Foundation (6.8.4):
    - PromiseKit/CorePromise
  - PromiseKit/UIKit (6.8.4):
    - PromiseKit/CorePromise
  - Stateful (2.2.0)

DEPENDENCIES:
  - PromiseKit
  - Stateful

SPEC REPOS:
  https://github.com/cocoapods/specs.git:
    - PromiseKit
    - Stateful

SPEC CHECKSUMS:
  PromiseKit: 51794a832647e7b819336dc2279039ce9f1cc49b
  Stateful: 92e01259d6e0b54af8ee4536ec50430b3d378063

PODFILE CHECKSUM: db09889b8eaca9e970fcbfef9dec143cdeb924bc

COCOAPODS: 1.6.0
