// !$*UTF8*$!
{
	archiveVersion = 1;
	classes = {
	};
	objectVersion = 50;
	objects = {

/* Begin PBXBuildFile section */
		3CACA517CCE92281A487E71B /* Pods_PracticeNavigationEngine.framework in Frameworks */ = {isa = PBXBuildFile; fileRef = A367309724F6E662AA2631C2 /* Pods_PracticeNavigationEngine.framework */; };
		63951AAC228FDF6F00EDF609 /* AppDelegate.swift in Sources */ = {isa = PBXBuildFile; fileRef = 63951AAB228FDF6F00EDF609 /* AppDelegate.swift */; };
		63951AAE228FDF6F00EDF609 /* ViewController.swift in Sources */ = {isa = PBXBuildFile; fileRef = 63951AAD228FDF6F00EDF609 /* ViewController.swift */; };
		63951AB1228FDF6F00EDF609 /* Main.storyboard in Resources */ = {isa = PBXBuildFile; fileRef = 63951AAF228FDF6F00EDF609 /* Main.storyboard */; };
		63951AB3228FDF6F00EDF609 /* Assets.xcassets in Resources */ = {isa = PBXBuildFile; fileRef = 63951AB2228FDF6F00EDF609 /* Assets.xcassets */; };
		63951AB6228FDF6F00EDF609 /* LaunchScreen.storyboard in Resources */ = {isa = PBXBuildFile; fileRef = 63951AB4228FDF6F00EDF609 /* LaunchScreen.storyboard */; };
		63951AC1228FDF6F00EDF609 /* PracticeNavigationEngineTests.swift in Sources */ = {isa = PBXBuildFile; fileRef = 63951AC0228FDF6F00EDF609 /* PracticeNavigationEngineTests.swift */; };
		63951ACC228FDF6F00EDF609 /* PracticeNavigationEngineUITests.swift in Sources */ = {isa = PBXBuildFile; fileRef = 63951ACB228FDF6F00EDF609 /* PracticeNavigationEngineUITests.swift */; };
		63951AE3228FF3CC00EDF609 /* Endpoint.swift in Sources */ = {isa = PBXBuildFile; fileRef = 63951AE2228FF3CC00EDF609 /* Endpoint.swift */; };
		63951AE52290026E00EDF609 /* DeepLinkConstants.swift in Sources */ = {isa = PBXBuildFile; fileRef = 63951AE42290026E00EDF609 /* DeepLinkConstants.swift */; };
		63951AE72290043500EDF609 /* DeepLinkFactory.swift in Sources */ = {isa = PBXBuildFile; fileRef = 63951AE62290043500EDF609 /* DeepLinkFactory.swift */; };
		63951AE92290074F00EDF609 /* UniversalLinkConverter.swift in Sources */ = {isa = PBXBuildFile; fileRef = 63951AE82290074F00EDF609 /* UniversalLinkConverter.swift */; };
		63951AEB229007AF00EDF609 /* DeepLinkSettingsProtocol.swift in Sources */ = {isa = PBXBuildFile; fileRef = 63951AEA229007AF00EDF609 /* DeepLinkSettingsProtocol.swift */; };
		63951AED229013CC00EDF609 /* URLGateway.swift in Sources */ = {isa = PBXBuildFile; fileRef = 63951AEC229013CC00EDF609 /* URLGateway.swift */; };
		63951AEF229019D100EDF609 /* DeepLinkSettings.swift in Sources */ = {isa = PBXBuildFile; fileRef = 63951AEE229019D100EDF609 /* DeepLinkSettings.swift */; };
		63951AF12290351A00EDF609 /* DeepLinkingFacade.swift in Sources */ = {isa = PBXBuildFile; fileRef = 63951AF02290351A00EDF609 /* DeepLinkingFacade.swift */; };
		6668360CF44CF2DB550507EA /* Pods_PracticeNavigationEngineUITests.framework in Frameworks */ = {isa = PBXBuildFile; fileRef = 88B681DAB6720E0D2432F5DC /* Pods_PracticeNavigationEngineUITests.framework */; };
		9DAFA288529A95AAE4B92878 /* Pods_PracticeNavigationEngineTests.framework in Frameworks */ = {isa = PBXBuildFile; fileRef = D3468597FF636C0B2DCE48BB /* Pods_PracticeNavigationEngineTests.framework */; };
/* End PBXBuildFile section */

/* Begin PBXContainerItemProxy section */
		63951ABD228FDF6F00EDF609 /* PBXContainerItemProxy */ = {
			isa = PBXContainerItemProxy;
			containerPortal = 63951AA0228FDF6F00EDF609 /* Project object */;
			proxyType = 1;
			remoteGlobalIDString = 63951AA7228FDF6F00EDF609;
			remoteInfo = PracticeNavigationEngine;
		};
		63951AC8228FDF6F00EDF609 /* PBXContainerItemProxy */ = {
			isa = PBXContainerItemProxy;
			containerPortal = 63951AA0228FDF6F00EDF609 /* Project object */;
			proxyType = 1;
			remoteGlobalIDString = 63951AA7228FDF6F00EDF609;
			remoteInfo = PracticeNavigationEngine;
		};
/* End PBXContainerItemProxy section */

/* Begin PBXFileReference section */
		3EEC65467EB880C563B091E2 /* Pods-PracticeNavigationEngineTests.release.xcconfig */ = {isa = PBXFileReference; includeInIndex = 1; lastKnownFileType = text.xcconfig; name = "Pods-PracticeNavigationEngineTests.release.xcconfig"; path = "Target Support Files/Pods-PracticeNavigationEngineTests/Pods-PracticeNavigationEngineTests.release.xcconfig"; sourceTree = "<group>"; };
		550C32F45526A1FF95558770 /* Pods-PracticeNavigationEngineTests.debug.xcconfig */ = {isa = PBXFileReference; includeInIndex = 1; lastKnownFileType = text.xcconfig; name = "Pods-PracticeNavigationEngineTests.debug.xcconfig"; path = "Target Support Files/Pods-PracticeNavigationEngineTests/Pods-PracticeNavigationEngineTests.debug.xcconfig"; sourceTree = "<group>"; };
		5EBC2F480ED8D493C9B97168 /* Pods-PracticeNavigationEngine.debug.xcconfig */ = {isa = PBXFileReference; includeInIndex = 1; lastKnownFileType = text.xcconfig; name = "Pods-PracticeNavigationEngine.debug.xcconfig"; path = "Target Support Files/Pods-PracticeNavigationEngine/Pods-PracticeNavigationEngine.debug.xcconfig"; sourceTree = "<group>"; };
		63951AA8228FDF6F00EDF609 /* PracticeNavigationEngine.app */ = {isa = PBXFileReference; explicitFileType = wrapper.application; includeInIndex = 0; path = PracticeNavigationEngine.app; sourceTree = BUILT_PRODUCTS_DIR; };
		63951AAB228FDF6F00EDF609 /* AppDelegate.swift */ = {isa = PBXFileReference; lastKnownFileType = sourcecode.swift; path = AppDelegate.swift; sourceTree = "<group>"; };
		63951AAD228FDF6F00EDF609 /* ViewController.swift */ = {isa = PBXFileReference; lastKnownFileType = sourcecode.swift; path = ViewController.swift; sourceTree = "<group>"; };
		63951AB0228FDF6F00EDF609 /* Base */ = {isa = PBXFileReference; lastKnownFileType = file.storyboard; name = Base; path = Base.lproj/Main.storyboard; sourceTree = "<group>"; };
		63951AB2228FDF6F00EDF609 /* Assets.xcassets */ = {isa = PBXFileReference; lastKnownFileType = folder.assetcatalog; path = Assets.xcassets; sourceTree = "<group>"; };
		63951AB5228FDF6F00EDF609 /* Base */ = {isa = PBXFileReference; lastKnownFileType = file.storyboard; name = Base; path = Base.lproj/LaunchScreen.storyboard; sourceTree = "<group>"; };
		63951AB7228FDF6F00EDF609 /* Info.plist */ = {isa = PBXFileReference; lastKnownFileType = text.plist.xml; path = Info.plist; sourceTree = "<group>"; };
		63951ABC228FDF6F00EDF609 /* PracticeNavigationEngineTests.xctest */ = {isa = PBXFileReference; explicitFileType = wrapper.cfbundle; includeInIndex = 0; path = PracticeNavigationEngineTests.xctest; sourceTree = BUILT_PRODUCTS_DIR; };
		63951AC0228FDF6F00EDF609 /* PracticeNavigationEngineTests.swift */ = {isa = PBXFileReference; lastKnownFileType = sourcecode.swift; path = PracticeNavigationEngineTests.swift; sourceTree = "<group>"; };
		63951AC2228FDF6F00EDF609 /* Info.plist */ = {isa = PBXFileReference; lastKnownFileType = text.plist.xml; path = Info.plist; sourceTree = "<group>"; };
		63951AC7228FDF6F00EDF609 /* PracticeNavigationEngineUITests.xctest */ = {isa = PBXFileReference; explicitFileType = wrapper.cfbundle; includeInIndex = 0; path = PracticeNavigationEngineUITests.xctest; sourceTree = BUILT_PRODUCTS_DIR; };
		63951ACB228FDF6F00EDF609 /* PracticeNavigationEngineUITests.swift */ = {isa = PBXFileReference; lastKnownFileType = sourcecode.swift; path = PracticeNavigationEngineUITests.swift; sourceTree = "<group>"; };
		63951ACD228FDF6F00EDF609 /* Info.plist */ = {isa = PBXFileReference; lastKnownFileType = text.plist.xml; path = Info.plist; sourceTree = "<group>"; };
		63951AD9228FE06500EDF609 /* PracticeNavigationEngine.entitlements */ = {isa = PBXFileReference; lastKnownFileType = text.plist.entitlements; path = PracticeNavigationEngine.entitlements; sourceTree = "<group>"; };
		63951AE2228FF3CC00EDF609 /* Endpoint.swift */ = {isa = PBXFileReference; lastKnownFileType = sourcecode.swift; path = Endpoint.swift; sourceTree = "<group>"; };
		63951AE42290026E00EDF609 /* DeepLinkConstants.swift */ = {isa = PBXFileReference; lastKnownFileType = sourcecode.swift; path = DeepLinkConstants.swift; sourceTree = "<group>"; };
		63951AE62290043500EDF609 /* DeepLinkFactory.swift */ = {isa = PBXFileReference; lastKnownFileType = sourcecode.swift; path = DeepLinkFactory.swift; sourceTree = "<group>"; };
		63951AE82290074F00EDF609 /* UniversalLinkConverter.swift */ = {isa = PBXFileReference; lastKnownFileType = sourcecode.swift; path = UniversalLinkConverter.swift; sourceTree = "<group>"; };
		63951AEA229007AF00EDF609 /* DeepLinkSettingsProtocol.swift */ = {isa = PBXFileReference; lastKnownFileType = sourcecode.swift; path = DeepLinkSettingsProtocol.swift; sourceTree = "<group>"; };
		63951AEC229013CC00EDF609 /* URLGateway.swift */ = {isa = PBXFileReference; lastKnownFileType = sourcecode.swift; path = URLGateway.swift; sourceTree = "<group>"; };
		63951AEE229019D100EDF609 /* DeepLinkSettings.swift */ = {isa = PBXFileReference; lastKnownFileType = sourcecode.swift; path = DeepLinkSettings.swift; sourceTree = "<group>"; };
		63951AF02290351A00EDF609 /* DeepLinkingFacade.swift */ = {isa = PBXFileReference; lastKnownFileType = sourcecode.swift; path = DeepLinkingFacade.swift; sourceTree = "<group>"; };
		6F88625815D23673BA7AFCF6 /* Pods-PracticeNavigationEngineUITests.release.xcconfig */ = {isa = PBXFileReference; includeInIndex = 1; lastKnownFileType = text.xcconfig; name = "Pods-PracticeNavigationEngineUITests.release.xcconfig"; path = "Target Support Files/Pods-PracticeNavigationEngineUITests/Pods-PracticeNavigationEngineUITests.release.xcconfig"; sourceTree = "<group>"; };
		88B681DAB6720E0D2432F5DC /* Pods_PracticeNavigationEngineUITests.framework */ = {isa = PBXFileReference; explicitFileType = wrapper.framework; includeInIndex = 0; path = Pods_PracticeNavigationEngineUITests.framework; sourceTree = BUILT_PRODUCTS_DIR; };
		8F04C8D7E6F4DC8D08513F2C /* Pods-PracticeNavigationEngine.release.xcconfig */ = {isa = PBXFileReference; includeInIndex = 1; lastKnownFileType = text.xcconfig; name = "Pods-PracticeNavigationEngine.release.xcconfig"; path = "Target Support Files/Pods-PracticeNavigationEngine/Pods-PracticeNavigationEngine.release.xcconfig"; sourceTree = "<group>"; };
		A367309724F6E662AA2631C2 /* Pods_PracticeNavigationEngine.framework */ = {isa = PBXFileReference; explicitFileType = wrapper.framework; includeInIndex = 0; path = Pods_PracticeNavigationEngine.framework; sourceTree = BUILT_PRODUCTS_DIR; };
		D3468597FF636C0B2DCE48BB /* Pods_PracticeNavigationEngineTests.framework */ = {isa = PBXFileReference; explicitFileType = wrapper.framework; includeInIndex = 0; path = Pods_PracticeNavigationEngineTests.framework; sourceTree = BUILT_PRODUCTS_DIR; };
		FF0C5D3FE4926EB95CD87422 /* Pods-PracticeNavigationEngineUITests.debug.xcconfig */ = {isa = PBXFileReference; includeInIndex = 1; lastKnownFileType = text.xcconfig; name = "Pods-PracticeNavigationEngineUITests.debug.xcconfig"; path = "Target Support Files/Pods-PracticeNavigationEngineUITests/Pods-PracticeNavigationEngineUITests.debug.xcconfig"; sourceTree = "<group>"; };
/* End PBXFileReference section */

/* Begin PBXFrameworksBuildPhase section */
		63951AA5228FDF6F00EDF609 /* Frameworks */ = {
			isa = PBXFrameworksBuildPhase;
			buildActionMask = 2147483647;
			files = (
				3CACA517CCE92281A487E71B /* Pods_PracticeNavigationEngine.framework in Frameworks */,
			);
			runOnlyForDeploymentPostprocessing = 0;
		};
		63951AB9228FDF6F00EDF609 /* Frameworks */ = {
			isa = PBXFrameworksBuildPhase;
			buildActionMask = 2147483647;
			files = (
				9DAFA288529A95AAE4B92878 /* Pods_PracticeNavigationEngineTests.framework in Frameworks */,
			);
			runOnlyForDeploymentPostprocessing = 0;
		};
		63951AC4228FDF6F00EDF609 /* Frameworks */ = {
			isa = PBXFrameworksBuildPhase;
			buildActionMask = 2147483647;
			files = (
				6668360CF44CF2DB550507EA /* Pods_PracticeNavigationEngineUITests.framework in Frameworks */,
			);
			runOnlyForDeploymentPostprocessing = 0;
		};
/* End PBXFrameworksBuildPhase section */

/* Begin PBXGroup section */
		37A3020156C4E477931E1B57 /* Pods */ = {
			isa = PBXGroup;
			children = (
				5EBC2F480ED8D493C9B97168 /* Pods-PracticeNavigationEngine.debug.xcconfig */,
				8F04C8D7E6F4DC8D08513F2C /* Pods-PracticeNavigationEngine.release.xcconfig */,
				550C32F45526A1FF95558770 /* Pods-PracticeNavigationEngineTests.debug.xcconfig */,
				3EEC65467EB880C563B091E2 /* Pods-PracticeNavigationEngineTests.release.xcconfig */,
				FF0C5D3FE4926EB95CD87422 /* Pods-PracticeNavigationEngineUITests.debug.xcconfig */,
				6F88625815D23673BA7AFCF6 /* Pods-PracticeNavigationEngineUITests.release.xcconfig */,
			);
			path = Pods;
			sourceTree = "<group>";
		};
		556EF880D4B550CBE147D562 /* Frameworks */ = {
			isa = PBXGroup;
			children = (
				A367309724F6E662AA2631C2 /* Pods_PracticeNavigationEngine.framework */,
				D3468597FF636C0B2DCE48BB /* Pods_PracticeNavigationEngineTests.framework */,
				88B681DAB6720E0D2432F5DC /* Pods_PracticeNavigationEngineUITests.framework */,
			);
			name = Frameworks;
			sourceTree = "<group>";
		};
		63951A9F228FDF6F00EDF609 = {
			isa = PBXGroup;
			children = (
				63951AAA228FDF6F00EDF609 /* PracticeNavigationEngine */,
				63951ABF228FDF6F00EDF609 /* PracticeNavigationEngineTests */,
				63951ACA228FDF6F00EDF609 /* PracticeNavigationEngineUITests */,
				63951AA9228FDF6F00EDF609 /* Products */,
				37A3020156C4E477931E1B57 /* Pods */,
				556EF880D4B550CBE147D562 /* Frameworks */,
			);
			sourceTree = "<group>";
		};
		63951AA9228FDF6F00EDF609 /* Products */ = {
			isa = PBXGroup;
			children = (
				63951AA8228FDF6F00EDF609 /* PracticeNavigationEngine.app */,
				63951ABC228FDF6F00EDF609 /* PracticeNavigationEngineTests.xctest */,
				63951AC7228FDF6F00EDF609 /* PracticeNavigationEngineUITests.xctest */,
			);
			name = Products;
			sourceTree = "<group>";
		};
		63951AAA228FDF6F00EDF609 /* PracticeNavigationEngine */ = {
			isa = PBXGroup;
			children = (
				63951ADA228FEAAE00EDF609 /* NavigationEngine */,
				63951AD9228FE06500EDF609 /* PracticeNavigationEngine.entitlements */,
				63951AAB228FDF6F00EDF609 /* AppDelegate.swift */,
				63951AAD228FDF6F00EDF609 /* ViewController.swift */,
				63951AEE229019D100EDF609 /* DeepLinkSettings.swift */,
				63951AAF228FDF6F00EDF609 /* Main.storyboard */,
				63951AB2228FDF6F00EDF609 /* Assets.xcassets */,
				63951AB4228FDF6F00EDF609 /* LaunchScreen.storyboard */,
				63951AB7228FDF6F00EDF609 /* Info.plist */,
			);
			path = PracticeNavigationEngine;
			sourceTree = "<group>";
		};
		63951ABF228FDF6F00EDF609 /* PracticeNavigationEngineTests */ = {
			isa = PBXGroup;
			children = (
				63951AC0228FDF6F00EDF609 /* PracticeNavigationEngineTests.swift */,
				63951AC2228FDF6F00EDF609 /* Info.plist */,
			);
			path = PracticeNavigationEngineTests;
			sourceTree = "<group>";
		};
		63951ACA228FDF6F00EDF609 /* PracticeNavigationEngineUITests */ = {
			isa = PBXGroup;
			children = (
				63951ACB228FDF6F00EDF609 /* PracticeNavigationEngineUITests.swift */,
				63951ACD228FDF6F00EDF609 /* Info.plist */,
			);
			path = PracticeNavigationEngineUITests;
			sourceTree = "<group>";
		};
		63951ADA228FEAAE00EDF609 /* NavigationEngine */ = {
			isa = PBXGroup;
			children = (
				63951ADC228FED5B00EDF609 /* Core */,
				63951ADB228FED5000EDF609 /* Tester */,
			);
			path = NavigationEngine;
			sourceTree = "<group>";
		};
		63951ADB228FED5000EDF609 /* Tester */ = {
			isa = PBXGroup;
			children = (
			);
			path = Tester;
			sourceTree = "<group>";
		};
		63951ADC228FED5B00EDF609 /* Core */ = {
			isa = PBXGroup;
			children = (
				63951ADD228FED6C00EDF609 /* Navigation */,
				63951ADE228FED7300EDF609 /* Utilities */,
				63951ADF228FED7D00EDF609 /* Protocol Extensions */,
				63951AE0228FED9300EDF609 /* Parsing */,
				63951AE1228FED9E00EDF609 /* Protocols */,
				63951AF02290351A00EDF609 /* DeepLinkingFacade.swift */,
			);
			path = Core;
			sourceTree = "<group>";
		};
		63951ADD228FED6C00EDF609 /* Navigation */ = {
			isa = PBXGroup;
			children = (
			);
			path = Navigation;
			sourceTree = "<group>";
		};
		63951ADE228FED7300EDF609 /* Utilities */ = {
			isa = PBXGroup;
			children = (
				63951AE2228FF3CC00EDF609 /* Endpoint.swift */,
				63951AE42290026E00EDF609 /* DeepLinkConstants.swift */,
			);
			path = Utilities;
			sourceTree = "<group>";
		};
		63951ADF228FED7D00EDF609 /* Protocol Extensions */ = {
			isa = PBXGroup;
			children = (
			);
			path = "Protocol Extensions";
			sourceTree = "<group>";
		};
		63951AE0228FED9300EDF609 /* Parsing */ = {
			isa = PBXGroup;
			children = (
				63951AE62290043500EDF609 /* DeepLinkFactory.swift */,
				63951AE82290074F00EDF609 /* UniversalLinkConverter.swift */,
				63951AEC229013CC00EDF609 /* URLGateway.swift */,
			);
			path = Parsing;
			sourceTree = "<group>";
		};
		63951AE1228FED9E00EDF609 /* Protocols */ = {
			isa = PBXGroup;
			children = (
				63951AEA229007AF00EDF609 /* DeepLinkSettingsProtocol.swift */,
			);
			path = Protocols;
			sourceTree = "<group>";
		};
/* End PBXGroup section */

/* Begin PBXNativeTarget section */
		63951AA7228FDF6F00EDF609 /* PracticeNavigationEngine */ = {
			isa = PBXNativeTarget;
			buildConfigurationList = 63951AD0228FDF6F00EDF609 /* Build configuration list for PBXNativeTarget "PracticeNavigationEngine" */;
			buildPhases = (
				5D691337B164659079578122 /* [CP] Check Pods Manifest.lock */,
				63951AA4228FDF6F00EDF609 /* Sources */,
				63951AA5228FDF6F00EDF609 /* Frameworks */,
				63951AA6228FDF6F00EDF609 /* Resources */,
				F60C6C488DB04D9B3C8B1B8A /* [CP] Embed Pods Frameworks */,
			);
			buildRules = (
			);
			dependencies = (
			);
			name = PracticeNavigationEngine;
			productName = PracticeNavigationEngine;
			productReference = 63951AA8228FDF6F00EDF609 /* PracticeNavigationEngine.app */;
			productType = "com.apple.product-type.application";
		};
		63951ABB228FDF6F00EDF609 /* PracticeNavigationEngineTests */ = {
			isa = PBXNativeTarget;
			buildConfigurationList = 63951AD3228FDF6F00EDF609 /* Build configuration list for PBXNativeTarget "PracticeNavigationEngineTests" */;
			buildPhases = (
				32FADC7E937B1B0AD845E70A /* [CP] Check Pods Manifest.lock */,
				63951AB8228FDF6F00EDF609 /* Sources */,
				63951AB9228FDF6F00EDF609 /* Frameworks */,
				63951ABA228FDF6F00EDF609 /* Resources */,
			);
			buildRules = (
			);
			dependencies = (
				63951ABE228FDF6F00EDF609 /* PBXTargetDependency */,
			);
			name = PracticeNavigationEngineTests;
			productName = PracticeNavigationEngineTests;
			productReference = 63951ABC228FDF6F00EDF609 /* PracticeNavigationEngineTests.xctest */;
			productType = "com.apple.product-type.bundle.unit-test";
		};
		63951AC6228FDF6F00EDF609 /* PracticeNavigationEngineUITests */ = {
			isa = PBXNativeTarget;
			buildConfigurationList = 63951AD6228FDF6F00EDF609 /* Build configuration list for PBXNativeTarget "PracticeNavigationEngineUITests" */;
			buildPhases = (
				4608CF465848FE43D6C4A081 /* [CP] Check Pods Manifest.lock */,
				63951AC3228FDF6F00EDF609 /* Sources */,
				63951AC4228FDF6F00EDF609 /* Frameworks */,
				63951AC5228FDF6F00EDF609 /* Resources */,
			);
			buildRules = (
			);
			dependencies = (
				63951AC9228FDF6F00EDF609 /* PBXTargetDependency */,
			);
			name = PracticeNavigationEngineUITests;
			productName = PracticeNavigationEngineUITests;
			productReference = 63951AC7228FDF6F00EDF609 /* PracticeNavigationEngineUITests.xctest */;
			productType = "com.apple.product-type.bundle.ui-testing";
		};
/* End PBXNativeTarget section */

/* Begin PBXProject section */
		63951AA0228FDF6F00EDF609 /* Project object */ = {
			isa = PBXProject;
			attributes = {
				LastSwiftUpdateCheck = 1020;
				LastUpgradeCheck = 1020;
				ORGANIZATIONNAME = David;
				TargetAttributes = {
					63951AA7228FDF6F00EDF609 = {
						CreatedOnToolsVersion = 10.2.1;
						SystemCapabilities = {
							com.apple.SafariKeychain = {
								enabled = 1;
							};
						};
					};
					63951ABB228FDF6F00EDF609 = {
						CreatedOnToolsVersion = 10.2.1;
						TestTargetID = 63951AA7228FDF6F00EDF609;
					};
					63951AC6228FDF6F00EDF609 = {
						CreatedOnToolsVersion = 10.2.1;
						TestTargetID = 63951AA7228FDF6F00EDF609;
					};
				};
			};
			buildConfigurationList = 63951AA3228FDF6F00EDF609 /* Build configuration list for PBXProject "PracticeNavigationEngine" */;
			compatibilityVersion = "Xcode 9.3";
			developmentRegion = en;
			hasScannedForEncodings = 0;
			knownRegions = (
				en,
				Base,
			);
			mainGroup = 63951A9F228FDF6F00EDF609;
			productRefGroup = 63951AA9228FDF6F00EDF609 /* Products */;
			projectDirPath = "";
			projectRoot = "";
			targets = (
				63951AA7228FDF6F00EDF609 /* PracticeNavigationEngine */,
				63951ABB228FDF6F00EDF609 /* PracticeNavigationEngineTests */,
				63951AC6228FDF6F00EDF609 /* PracticeNavigationEngineUITests */,
			);
		};
/* End PBXProject section */

/* Begin PBXResourcesBuildPhase section */
		63951AA6228FDF6F00EDF609 /* Resources */ = {
			isa = PBXResourcesBuildPhase;
			buildActionMask = 2147483647;
			files = (
				63951AB6228FDF6F00EDF609 /* LaunchScreen.storyboard in Resources */,
				63951AB3228FDF6F00EDF609 /* Assets.xcassets in Resources */,
				63951AB1228FDF6F00EDF609 /* Main.storyboard in Resources */,
			);
			runOnlyForDeploymentPostprocessing = 0;
		};
		63951ABA228FDF6F00EDF609 /* Resources */ = {
			isa = PBXResourcesBuildPhase;
			buildActionMask = 2147483647;
			files = (
			);
			runOnlyForDeploymentPostprocessing = 0;
		};
		63951AC5228FDF6F00EDF609 /* Resources */ = {
			isa = PBXResourcesBuildPhase;
			buildActionMask = 2147483647;
			files = (
			);
			runOnlyForDeploymentPostprocessing = 0;
		};
/* End PBXResourcesBuildPhase section */

/* Begin PBXShellScriptBuildPhase section */
		32FADC7E937B1B0AD845E70A /* [CP] Check Pods Manifest.lock */ = {
			isa = PBXShellScriptBuildPhase;
			buildActionMask = 2147483647;
			files = (
			);
			inputFileListPaths = (
			);
			inputPaths = (
				"${PODS_PODFILE_DIR_PATH}/Podfile.lock",
				"${PODS_ROOT}/Manifest.lock",
			);
			name = "[CP] Check Pods Manifest.lock";
			outputFileListPaths = (
			);
			outputPaths = (
				"$(DERIVED_FILE_DIR)/Pods-PracticeNavigationEngineTests-checkManifestLockResult.txt",
			);
			runOnlyForDeploymentPostprocessing = 0;
			shellPath = /bin/sh;
			shellScript = "diff \"${PODS_PODFILE_DIR_PATH}/Podfile.lock\" \"${PODS_ROOT}/Manifest.lock\" > /dev/null\nif [ $? != 0 ] ; then\n    # print error to STDERR\n    echo \"error: The sandbox is not in sync with the Podfile.lock. Run 'pod install' or update your CocoaPods installation.\" >&2\n    exit 1\nfi\n# This output is used by Xcode 'outputs' to avoid re-running this script phase.\necho \"SUCCESS\" > \"${SCRIPT_OUTPUT_FILE_0}\"\n";
			showEnvVarsInLog = 0;
		};
		4608CF465848FE43D6C4A081 /* [CP] Check Pods Manifest.lock */ = {
			isa = PBXShellScriptBuildPhase;
			buildActionMask = 2147483647;
			files = (
			);
			inputFileListPaths = (
			);
			inputPaths = (
				"${PODS_PODFILE_DIR_PATH}/Podfile.lock",
				"${PODS_ROOT}/Manifest.lock",
			);
			name = "[CP] Check Pods Manifest.lock";
			outputFileListPaths = (
			);
			outputPaths = (
				"$(DERIVED_FILE_DIR)/Pods-PracticeNavigationEngineUITests-checkManifestLockResult.txt",
			);
			runOnlyForDeploymentPostprocessing = 0;
			shellPath = /bin/sh;
			shellScript = "diff \"${PODS_PODFILE_DIR_PATH}/Podfile.lock\" \"${PODS_ROOT}/Manifest.lock\" > /dev/null\nif [ $? != 0 ] ; then\n    # print error to STDERR\n    echo \"error: The sandbox is not in sync with the Podfile.lock. Run 'pod install' or update your CocoaPods installation.\" >&2\n    exit 1\nfi\n# This output is used by Xcode 'outputs' to avoid re-running this script phase.\necho \"SUCCESS\" > \"${SCRIPT_OUTPUT_FILE_0}\"\n";
			showEnvVarsInLog = 0;
		};
		5D691337B164659079578122 /* [CP] Check Pods Manifest.lock */ = {
			isa = PBXShellScriptBuildPhase;
			buildActionMask = 2147483647;
			files = (
			);
			inputFileListPaths = (
			);
			inputPaths = (
				"${PODS_PODFILE_DIR_PATH}/Podfile.lock",
				"${PODS_ROOT}/Manifest.lock",
			);
			name = "[CP] Check Pods Manifest.lock";
			outputFileListPaths = (
			);
			outputPaths = (
				"$(DERIVED_FILE_DIR)/Pods-PracticeNavigationEngine-checkManifestLockResult.txt",
			);
			runOnlyForDeploymentPostprocessing = 0;
			shellPath = /bin/sh;
			shellScript = "diff \"${PODS_PODFILE_DIR_PATH}/Podfile.lock\" \"${PODS_ROOT}/Manifest.lock\" > /dev/null\nif [ $? != 0 ] ; then\n    # print error to STDERR\n    echo \"error: The sandbox is not in sync with the Podfile.lock. Run 'pod install' or update your CocoaPods installation.\" >&2\n    exit 1\nfi\n# This output is used by Xcode 'outputs' to avoid re-running this script phase.\necho \"SUCCESS\" > \"${SCRIPT_OUTPUT_FILE_0}\"\n";
			showEnvVarsInLog = 0;
		};
		F60C6C488DB04D9B3C8B1B8A /* [CP] Embed Pods Frameworks */ = {
			isa = PBXShellScriptBuildPhase;
			buildActionMask = 2147483647;
			files = (
			);
			inputFileListPaths = (
			);
			inputPaths = (
				"${PODS_ROOT}/Target Support Files/Pods-PracticeNavigationEngine/Pods-PracticeNavigationEngine-frameworks.sh",
				"${BUILT_PRODUCTS_DIR}/PromiseKit/PromiseKit.framework",
			);
			name = "[CP] Embed Pods Frameworks";
			outputFileListPaths = (
			);
			outputPaths = (
				"${TARGET_BUILD_DIR}/${FRAMEWORKS_FOLDER_PATH}/PromiseKit.framework",
			);
			runOnlyForDeploymentPostprocessing = 0;
			shellPath = /bin/sh;
			shellScript = "\"${PODS_ROOT}/Target Support Files/Pods-PracticeNavigationEngine/Pods-PracticeNavigationEngine-frameworks.sh\"\n";
			showEnvVarsInLog = 0;
		};
/* End PBXShellScriptBuildPhase section */

/* Begin PBXSourcesBuildPhase section */
		63951AA4228FDF6F00EDF609 /* Sources */ = {
			isa = PBXSourcesBuildPhase;
			buildActionMask = 2147483647;
			files = (
				63951AED229013CC00EDF609 /* URLGateway.swift in Sources */,
				63951AE92290074F00EDF609 /* UniversalLinkConverter.swift in Sources */,
				63951AEF229019D100EDF609 /* DeepLinkSettings.swift in Sources */,
				63951AF12290351A00EDF609 /* DeepLinkingFacade.swift in Sources */,
				63951AAE228FDF6F00EDF609 /* ViewController.swift in Sources */,
				63951AE52290026E00EDF609 /* DeepLinkConstants.swift in Sources */,
				63951AEB229007AF00EDF609 /* DeepLinkSettingsProtocol.swift in Sources */,
				63951AE3228FF3CC00EDF609 /* Endpoint.swift in Sources */,
				63951AAC228FDF6F00EDF609 /* AppDelegate.swift in Sources */,
				63951AE72290043500EDF609 /* DeepLinkFactory.swift in Sources */,
			);
			runOnlyForDeploymentPostprocessing = 0;
		};
		63951AB8228FDF6F00EDF609 /* Sources */ = {
			isa = PBXSourcesBuildPhase;
			buildActionMask = 2147483647;
			files = (
				63951AC1228FDF6F00EDF609 /* PracticeNavigationEngineTests.swift in Sources */,
			);
			runOnlyForDeploymentPostprocessing = 0;
		};
		63951AC3228FDF6F00EDF609 /* Sources */ = {
			isa = PBXSourcesBuildPhase;
			buildActionMask = 2147483647;
			files = (
				63951ACC228FDF6F00EDF609 /* PracticeNavigationEngineUITests.swift in Sources */,
			);
			runOnlyForDeploymentPostprocessing = 0;
		};
/* End PBXSourcesBuildPhase section */

/* Begin PBXTargetDependency section */
		63951ABE228FDF6F00EDF609 /* PBXTargetDependency */ = {
			isa = PBXTargetDependency;
			target = 63951AA7228FDF6F00EDF609 /* PracticeNavigationEngine */;
			targetProxy = 63951ABD228FDF6F00EDF609 /* PBXContainerItemProxy */;
		};
		63951AC9228FDF6F00EDF609 /* PBXTargetDependency */ = {
			isa = PBXTargetDependency;
			target = 63951AA7228FDF6F00EDF609 /* PracticeNavigationEngine */;
			targetProxy = 63951AC8228FDF6F00EDF609 /* PBXContainerItemProxy */;
		};
/* End PBXTargetDependency section */

/* Begin PBXVariantGroup section */
		63951AAF228FDF6F00EDF609 /* Main.storyboard */ = {
			isa = PBXVariantGroup;
			children = (
				63951AB0228FDF6F00EDF609 /* Base */,
			);
			name = Main.storyboard;
			sourceTree = "<group>";
		};
		63951AB4228FDF6F00EDF609 /* LaunchScreen.storyboard */ = {
			isa = PBXVariantGroup;
			children = (
				63951AB5228FDF6F00EDF609 /* Base */,
			);
			name = LaunchScreen.storyboard;
			sourceTree = "<group>";
		};
/* End PBXVariantGroup section */

/* Begin XCBuildConfiguration section */
		63951ACE228FDF6F00EDF609 /* Debug */ = {
			isa = XCBuildConfiguration;
			buildSettings = {
				ALWAYS_SEARCH_USER_PATHS = NO;
				CLANG_ANALYZER_NONNULL = YES;
				CLANG_ANALYZER_NUMBER_OBJECT_CONVERSION = YES_AGGRESSIVE;
				CLANG_CXX_LANGUAGE_STANDARD = "gnu++14";
				CLANG_CXX_LIBRARY = "libc++";
				CLANG_ENABLE_MODULES = YES;
				CLANG_ENABLE_OBJC_ARC = YES;
				CLANG_ENABLE_OBJC_WEAK = YES;
				CLANG_WARN_BLOCK_CAPTURE_AUTORELEASING = YES;
				CLANG_WARN_BOOL_CONVERSION = YES;
				CLANG_WARN_COMMA = YES;
				CLANG_WARN_CONSTANT_CONVERSION = YES;
				CLANG_WARN_DEPRECATED_OBJC_IMPLEMENTATIONS = YES;
				CLANG_WARN_DIRECT_OBJC_ISA_USAGE = YES_ERROR;
				CLANG_WARN_DOCUMENTATION_COMMENTS = YES;
				CLANG_WARN_EMPTY_BODY = YES;
				CLANG_WARN_ENUM_CONVERSION = YES;
				CLANG_WARN_INFINITE_RECURSION = YES;
				CLANG_WARN_INT_CONVERSION = YES;
				CLANG_WARN_NON_LITERAL_NULL_CONVERSION = YES;
				CLANG_WARN_OBJC_IMPLICIT_RETAIN_SELF = YES;
				CLANG_WARN_OBJC_LITERAL_CONVERSION = YES;
				CLANG_WARN_OBJC_ROOT_CLASS = YES_ERROR;
				CLANG_WARN_RANGE_LOOP_ANALYSIS = YES;
				CLANG_WARN_STRICT_PROTOTYPES = YES;
				CLANG_WARN_SUSPICIOUS_MOVE = YES;
				CLANG_WARN_UNGUARDED_AVAILABILITY = YES_AGGRESSIVE;
				CLANG_WARN_UNREACHABLE_CODE = YES;
				CLANG_WARN__DUPLICATE_METHOD_MATCH = YES;
				CODE_SIGN_IDENTITY = "iPhone Developer";
				COPY_PHASE_STRIP = NO;
				DEBUG_INFORMATION_FORMAT = dwarf;
				ENABLE_STRICT_OBJC_MSGSEND = YES;
				ENABLE_TESTABILITY = YES;
				GCC_C_LANGUAGE_STANDARD = gnu11;
				GCC_DYNAMIC_NO_PIC = NO;
				GCC_NO_COMMON_BLOCKS = YES;
				GCC_OPTIMIZATION_LEVEL = 0;
				GCC_PREPROCESSOR_DEFINITIONS = (
					"DEBUG=1",
					"$(inherited)",
				);
				GCC_WARN_64_TO_32_BIT_CONVERSION = YES;
				GCC_WARN_ABOUT_RETURN_TYPE = YES_ERROR;
				GCC_WARN_UNDECLARED_SELECTOR = YES;
				GCC_WARN_UNINITIALIZED_AUTOS = YES_AGGRESSIVE;
				GCC_WARN_UNUSED_FUNCTION = YES;
				GCC_WARN_UNUSED_VARIABLE = YES;
				IPHONEOS_DEPLOYMENT_TARGET = 12.2;
				MTL_ENABLE_DEBUG_INFO = INCLUDE_SOURCE;
				MTL_FAST_MATH = YES;
				ONLY_ACTIVE_ARCH = YES;
				SDKROOT = iphoneos;
				SWIFT_ACTIVE_COMPILATION_CONDITIONS = DEBUG;
				SWIFT_OPTIMIZATION_LEVEL = "-Onone";
			};
			name = Debug;
		};
		63951ACF228FDF6F00EDF609 /* Release */ = {
			isa = XCBuildConfiguration;
			buildSettings = {
				ALWAYS_SEARCH_USER_PATHS = NO;
				CLANG_ANALYZER_NONNULL = YES;
				CLANG_ANALYZER_NUMBER_OBJECT_CONVERSION = YES_AGGRESSIVE;
				CLANG_CXX_LANGUAGE_STANDARD = "gnu++14";
				CLANG_CXX_LIBRARY = "libc++";
				CLANG_ENABLE_MODULES = YES;
				CLANG_ENABLE_OBJC_ARC = YES;
				CLANG_ENABLE_OBJC_WEAK = YES;
				CLANG_WARN_BLOCK_CAPTURE_AUTORELEASING = YES;
				CLANG_WARN_BOOL_CONVERSION = YES;
				CLANG_WARN_COMMA = YES;
				CLANG_WARN_CONSTANT_CONVERSION = YES;
				CLANG_WARN_DEPRECATED_OBJC_IMPLEMENTATIONS = YES;
				CLANG_WARN_DIRECT_OBJC_ISA_USAGE = YES_ERROR;
				CLANG_WARN_DOCUMENTATION_COMMENTS = YES;
				CLANG_WARN_EMPTY_BODY = YES;
				CLANG_WARN_ENUM_CONVERSION = YES;
				CLANG_WARN_INFINITE_RECURSION = YES;
				CLANG_WARN_INT_CONVERSION = YES;
				CLANG_WARN_NON_LITERAL_NULL_CONVERSION = YES;
				CLANG_WARN_OBJC_IMPLICIT_RETAIN_SELF = YES;
				CLANG_WARN_OBJC_LITERAL_CONVERSION = YES;
				CLANG_WARN_OBJC_ROOT_CLASS = YES_ERROR;
				CLANG_WARN_RANGE_LOOP_ANALYSIS = YES;
				CLANG_WARN_STRICT_PROTOTYPES = YES;
				CLANG_WARN_SUSPICIOUS_MOVE = YES;
				CLANG_WARN_UNGUARDED_AVAILABILITY = YES_AGGRESSIVE;
				CLANG_WARN_UNREACHABLE_CODE = YES;
				CLANG_WARN__DUPLICATE_METHOD_MATCH = YES;
				CODE_SIGN_IDENTITY = "iPhone Developer";
				COPY_PHASE_STRIP = NO;
				DEBUG_INFORMATION_FORMAT = "dwarf-with-dsym";
				ENABLE_NS_ASSERTIONS = NO;
				ENABLE_STRICT_OBJC_MSGSEND = YES;
				GCC_C_LANGUAGE_STANDARD = gnu11;
				GCC_NO_COMMON_BLOCKS = YES;
				GCC_WARN_64_TO_32_BIT_CONVERSION = YES;
				GCC_WARN_ABOUT_RETURN_TYPE = YES_ERROR;
				GCC_WARN_UNDECLARED_SELECTOR = YES;
				GCC_WARN_UNINITIALIZED_AUTOS = YES_AGGRESSIVE;
				GCC_WARN_UNUSED_FUNCTION = YES;
				GCC_WARN_UNUSED_VARIABLE = YES;
				IPHONEOS_DEPLOYMENT_TARGET = 12.2;
				MTL_ENABLE_DEBUG_INFO = NO;
				MTL_FAST_MATH = YES;
				SDKROOT = iphoneos;
				SWIFT_COMPILATION_MODE = wholemodule;
				SWIFT_OPTIMIZATION_LEVEL = "-O";
				VALIDATE_PRODUCT = YES;
			};
			name = Release;
		};
		63951AD1228FDF6F00EDF609 /* Debug */ = {
			isa = XCBuildConfiguration;
			baseConfigurationReference = 5EBC2F480ED8D493C9B97168 /* Pods-PracticeNavigationEngine.debug.xcconfig */;
			buildSettings = {
				ASSETCATALOG_COMPILER_APPICON_NAME = AppIcon;
				CODE_SIGN_ENTITLEMENTS = PracticeNavigationEngine/PracticeNavigationEngine.entitlements;
				CODE_SIGN_STYLE = Automatic;
				DEVELOPMENT_TEAM = UA35L9FR9N;
				INFOPLIST_FILE = PracticeNavigationEngine/Info.plist;
				LD_RUNPATH_SEARCH_PATHS = (
					"$(inherited)",
					"@executable_path/Frameworks",
				);
				PRODUCT_BUNDLE_IDENTIFIER = io.hello.PracticeNavigationEngine;
				PRODUCT_NAME = "$(TARGET_NAME)";
				SWIFT_VERSION = 5.0;
				TARGETED_DEVICE_FAMILY = "1,2";
			};
			name = Debug;
		};
		63951AD2228FDF6F00EDF609 /* Release */ = {
			isa = XCBuildConfiguration;
			baseConfigurationReference = 8F04C8D7E6F4DC8D08513F2C /* Pods-PracticeNavigationEngine.release.xcconfig */;
			buildSettings = {
				ASSETCATALOG_COMPILER_APPICON_NAME = AppIcon;
				CODE_SIGN_ENTITLEMENTS = PracticeNavigationEngine/PracticeNavigationEngine.entitlements;
				CODE_SIGN_STYLE = Automatic;
				DEVELOPMENT_TEAM = UA35L9FR9N;
				INFOPLIST_FILE = PracticeNavigationEngine/Info.plist;
				LD_RUNPATH_SEARCH_PATHS = (
					"$(inherited)",
					"@executable_path/Frameworks",
				);
				PRODUCT_BUNDLE_IDENTIFIER = io.hello.PracticeNavigationEngine;
				PRODUCT_NAME = "$(TARGET_NAME)";
				SWIFT_VERSION = 5.0;
				TARGETED_DEVICE_FAMILY = "1,2";
			};
			name = Release;
		};
		63951AD4228FDF6F00EDF609 /* Debug */ = {
			isa = XCBuildConfiguration;
			baseConfigurationReference = 550C32F45526A1FF95558770 /* Pods-PracticeNavigationEngineTests.debug.xcconfig */;
			buildSettings = {
				ALWAYS_EMBED_SWIFT_STANDARD_LIBRARIES = YES;
				BUNDLE_LOADER = "$(TEST_HOST)";
				CODE_SIGN_STYLE = Automatic;
				DEVELOPMENT_TEAM = UA35L9FR9N;
				INFOPLIST_FILE = PracticeNavigationEngineTests/Info.plist;
				LD_RUNPATH_SEARCH_PATHS = (
					"$(inherited)",
					"@executable_path/Frameworks",
					"@loader_path/Frameworks",
				);
				PRODUCT_BUNDLE_IDENTIFIER = io.hello.PracticeNavigationEngineTests;
				PRODUCT_NAME = "$(TARGET_NAME)";
				SWIFT_VERSION = 5.0;
				TARGETED_DEVICE_FAMILY = "1,2";
				TEST_HOST = "$(BUILT_PRODUCTS_DIR)/PracticeNavigationEngine.app/PracticeNavigationEngine";
			};
			name = Debug;
		};
		63951AD5228FDF6F00EDF609 /* Release */ = {
			isa = XCBuildConfiguration;
			baseConfigurationReference = 3EEC65467EB880C563B091E2 /* Pods-PracticeNavigationEngineTests.release.xcconfig */;
			buildSettings = {
				ALWAYS_EMBED_SWIFT_STANDARD_LIBRARIES = YES;
				BUNDLE_LOADER = "$(TEST_HOST)";
				CODE_SIGN_STYLE = Automatic;
				DEVELOPMENT_TEAM = UA35L9FR9N;
				INFOPLIST_FILE = PracticeNavigationEngineTests/Info.plist;
				LD_RUNPATH_SEARCH_PATHS = (
					"$(inherited)",
					"@executable_path/Frameworks",
					"@loader_path/Frameworks",
				);
				PRODUCT_BUNDLE_IDENTIFIER = io.hello.PracticeNavigationEngineTests;
				PRODUCT_NAME = "$(TARGET_NAME)";
				SWIFT_VERSION = 5.0;
				TARGETED_DEVICE_FAMILY = "1,2";
				TEST_HOST = "$(BUILT_PRODUCTS_DIR)/PracticeNavigationEngine.app/PracticeNavigationEngine";
			};
			name = Release;
		};
		63951AD7228FDF6F00EDF609 /* Debug */ = {
			isa = XCBuildConfiguration;
			baseConfigurationReference = FF0C5D3FE4926EB95CD87422 /* Pods-PracticeNavigationEngineUITests.debug.xcconfig */;
			buildSettings = {
				ALWAYS_EMBED_SWIFT_STANDARD_LIBRARIES = YES;
				CODE_SIGN_STYLE = Automatic;
				DEVELOPMENT_TEAM = UA35L9FR9N;
				INFOPLIST_FILE = PracticeNavigationEngineUITests/Info.plist;
				LD_RUNPATH_SEARCH_PATHS = (
					"$(inherited)",
					"@executable_path/Frameworks",
					"@loader_path/Frameworks",
				);
				PRODUCT_BUNDLE_IDENTIFIER = io.hello.PracticeNavigationEngineUITests;
				PRODUCT_NAME = "$(TARGET_NAME)";
				SWIFT_VERSION = 5.0;
				TARGETED_DEVICE_FAMILY = "1,2";
				TEST_TARGET_NAME = PracticeNavigationEngine;
			};
			name = Debug;
		};
		63951AD8228FDF6F00EDF609 /* Release */ = {
			isa = XCBuildConfiguration;
			baseConfigurationReference = 6F88625815D23673BA7AFCF6 /* Pods-PracticeNavigationEngineUITests.release.xcconfig */;
			buildSettings = {
				ALWAYS_EMBED_SWIFT_STANDARD_LIBRARIES = YES;
				CODE_SIGN_STYLE = Automatic;
				DEVELOPMENT_TEAM = UA35L9FR9N;
				INFOPLIST_FILE = PracticeNavigationEngineUITests/Info.plist;
				LD_RUNPATH_SEARCH_PATHS = (
					"$(inherited)",
					"@executable_path/Frameworks",
					"@loader_path/Frameworks",
				);
				PRODUCT_BUNDLE_IDENTIFIER = io.hello.PracticeNavigationEngineUITests;
				PRODUCT_NAME = "$(TARGET_NAME)";
				SWIFT_VERSION = 5.0;
				TARGETED_DEVICE_FAMILY = "1,2";
				TEST_TARGET_NAME = PracticeNavigationEngine;
			};
			name = Release;
		};
/* End XCBuildConfiguration section */

/* Begin XCConfigurationList section */
		63951AA3228FDF6F00EDF609 /* Build configuration list for PBXProject "PracticeNavigationEngine" */ = {
			isa = XCConfigurationList;
			buildConfigurations = (
				63951ACE228FDF6F00EDF609 /* Debug */,
				63951ACF228FDF6F00EDF609 /* Release */,
			);
			defaultConfigurationIsVisible = 0;
			defaultConfigurationName = Release;
		};
		63951AD0228FDF6F00EDF609 /* Build configuration list for PBXNativeTarget "PracticeNavigationEngine" */ = {
			isa = XCConfigurationList;
			buildConfigurations = (
				63951AD1228FDF6F00EDF609 /* Debug */,
				63951AD2228FDF6F00EDF609 /* Release */,
			);
			defaultConfigurationIsVisible = 0;
			defaultConfigurationName = Release;
		};
		63951AD3228FDF6F00EDF609 /* Build configuration list for PBXNativeTarget "PracticeNavigationEngineTests" */ = {
			isa = XCConfigurationList;
			buildConfigurations = (
				63951AD4228FDF6F00EDF609 /* Debug */,
				63951AD5228FDF6F00EDF609 /* Release */,
			);
			defaultConfigurationIsVisible = 0;
			defaultConfigurationName = Release;
		};
		63951AD6228FDF6F00EDF609 /* Build configuration list for PBXNativeTarget "PracticeNavigationEngineUITests" */ = {
			isa = XCConfigurationList;
			buildConfigurations = (
				63951AD7228FDF6F00EDF609 /* Debug */,
				63951AD8228FDF6F00EDF609 /* Release */,
			);
			defaultConfigurationIsVisible = 0;
			defaultConfigurationName = Release;
		};
/* End XCConfigurationList section */
	};
	rootObject = 63951AA0228FDF6F00EDF609 /* Project object */;
}
